
Microsoft Visual Studio Solution File, Format Version 12.00
# Visual Studio 15
VisualStudioVersion = 15.0.28307.106
MinimumVisualStudioVersion = 10.0.40219.1
Project("{FAE04EC0-301F-11D3-BF4B-00C04F79EFBC}") = "Easy-Easy.ir", "Easy-Easy.ir\Easy-Easy.ir.csproj", "{163E9015-7189-4F17-9E76-F2F49475370F}"
EndProject
Global
	GlobalSection(SolutionConfigurationPlatforms) = preSolution
		Debug|Any CPU = Debug|Any CPU
		Release|Any CPU = Release|Any CPU
	EndGlobalSection
	GlobalSection(ProjectConfigurationPlatforms) = postSolution
		{163E9015-7189-4F17-9E76-F2F49475370F}.Debug|Any CPU.ActiveCfg = Debug|Any CPU
		{163E9015-7189-4F17-9E76-F2F49475370F}.Debug|Any CPU.Build.0 = Debug|Any CPU
		{163E9015-7189-4F17-9E76-F2F49475370F}.Release|Any CPU.ActiveCfg = Release|Any CPU
		{163E9015-7189-4F17-9E76-F2F49475370F}.Release|Any CPU.Build.0 = Release|Any CPU
	EndGlobalSection
	GlobalSection(SolutionProperties) = preSolution
		HideSolutionNode = FALSE
	EndGlobalSection
	GlobalSection(ExtensibilityGlobals) = postSolution
		SolutionGuid = {28285B57-2C0D-43AE-8D74-5B47225F8910}
	EndGlobalSection
EndGlobal
